{
  "version": 4,
  "terraform_version": "1.13.2",
  "serial": 71,
  "lineage": "8dabe65b-193d-ff03-c11e-79e7c8a61b26",
  "outputs": {
    "aca_subnet_id": {
      "value": "/subscriptions/4421688c-0a8d-4588-8dd0-338c5271d0af/resourceGroups/bb-selwan-rg/providers/Microsoft.Network/virtualNetworks/burgerbuilder-vnet/subnets/aca-infra-snet",
      "type": "string"
    },
    "appgw_subnet_id": {
      "value": "/subscriptions/4421688c-0a8d-4588-8dd0-338c5271d0af/resourceGroups/bb-selwan-rg/providers/Microsoft.Network/virtualNetworks/burgerbuilder-vnet/subnets/appgw-snet",
      "type": "string"
    },
    "backend_containerapp_id": {
      "value": "/subscriptions/4421688c-0a8d-4588-8dd0-338c5271d0af/resourceGroups/bb-selwan-rg/providers/Microsoft.App/containerApps/burgerbuilder-backend",
      "type": "string"
    },
    "backend_containerapp_name": {
      "value": "burgerbuilder-backend",
      "type": "string"
    },
    "container_apps_environment_id": {
      "value": "/subscriptions/4421688c-0a8d-4588-8dd0-338c5271d0af/resourceGroups/bb-selwan-rg/providers/Microsoft.App/managedEnvironments/burgerbuilder-aca-env",
      "type": "string"
    },
    "container_apps_environment_name": {
      "value": "burgerbuilder-aca-env",
      "type": "string"
    },
    "database_subnet_id": {
      "value": "/subscriptions/4421688c-0a8d-4588-8dd0-338c5271d0af/resourceGroups/bb-selwan-rg/providers/Microsoft.Network/virtualNetworks/burgerbuilder-vnet/subnets/db-snet",
      "type": "string"
    },
    "frontend_containerapp_id": {
      "value": "/subscriptions/4421688c-0a8d-4588-8dd0-338c5271d0af/resourceGroups/bb-selwan-rg/providers/Microsoft.App/containerApps/burgerbuilder-frontend",
      "type": "string"
    },
    "frontend_containerapp_name": {
      "value": "burgerbuilder-frontend",
      "type": "string"
    },
    "private_dns_vnet_link_id": {
      "value": "/subscriptions/4421688c-0a8d-4588-8dd0-338c5271d0af/resourceGroups/bb-selwan-rg/providers/Microsoft.Network/privateDnsZones/internal.azurecontainerapps.io/virtualNetworkLinks/burgerbuilder-dns-link",
      "type": "string"
    },
    "private_dns_vnet_link_name": {
      "value": "burgerbuilder-dns-link",
      "type": "string"
    },
    "private_dns_zone_id": {
      "value": "/subscriptions/4421688c-0a8d-4588-8dd0-338c5271d0af/resourceGroups/bb-selwan-rg/providers/Microsoft.Network/privateDnsZones/internal.azurecontainerapps.io",
      "type": "string"
    },
    "private_dns_zone_name": {
      "value": "internal.azurecontainerapps.io",
      "type": "string"
    },
    "resource_group_name": {
      "value": "bb-selwan-rg",
      "type": "string"
    },
    "vnet_id": {
      "value": "/subscriptions/4421688c-0a8d-4588-8dd0-338c5271d0af/resourceGroups/bb-selwan-rg/providers/Microsoft.Network/virtualNetworks/burgerbuilder-vnet",
      "type": "string"
    }
  },
  "resources": [
    {
      "mode": "managed",
      "type": "azurerm_application_gateway",
      "name": "burgerbuilder_appgw",
      "provider": "provider[\"registry.terraform.io/hashicorp/azurerm\"]",
      "instances": [
        {
          "schema_version": 0,
          "attributes": {
            "authentication_certificate": [],
            "autoscale_configuration": [],
            "backend_address_pool": [
              {
                "fqdns": [
                  "burgerbuilder-backend.internal.nicebeach-3608a673.swedencentral.azurecontainerapps.io"
                ],
                "id": "/subscriptions/4421688c-0a8d-4588-8dd0-338c5271d0af/resourceGroups/bb-selwan-rg/providers/Microsoft.Network/applicationGateways/burgerbuilder-appgw/backendAddressPools/backendPool",
                "ip_addresses": [],
                "name": "backendPool"
              },
              {
                "fqdns": [
                  "burgerbuilder-frontend.internal.nicebeach-3608a673.swedencentral.azurecontainerapps.io"
                ],
                "id": "/subscriptions/4421688c-0a8d-4588-8dd0-338c5271d0af/resourceGroups/bb-selwan-rg/providers/Microsoft.Network/applicationGateways/burgerbuilder-appgw/backendAddressPools/frontendPool",
                "ip_addresses": [],
                "name": "frontendPool"
              }
            ],
            "backend_http_settings": [
              {
                "affinity_cookie_name": "",
                "authentication_certificate": [],
                "connection_draining": [],
                "cookie_based_affinity": "Disabled",
                "host_name": "",
                "id": "/subscriptions/4421688c-0a8d-4588-8dd0-338c5271d0af/resourceGroups/bb-selwan-rg/providers/Microsoft.Network/applicationGateways/burgerbuilder-appgw/backendHttpSettingsCollection/backendHttpSetting",
                "name": "backendHttpSetting",
                "path": "",
                "pick_host_name_from_backend_address": true,
                "port": 443,
                "probe_id": "/subscriptions/4421688c-0a8d-4588-8dd0-338c5271d0af/resourceGroups/bb-selwan-rg/providers/Microsoft.Network/applicationGateways/burgerbuilder-appgw/probes/backendProbe",
                "probe_name": "backendProbe",
                "protocol": "Https",
                "request_timeout": 30,
                "trusted_root_certificate_names": []
              },
              {
                "affinity_cookie_name": "",
                "authentication_certificate": [],
                "connection_draining": [],
                "cookie_based_affinity": "Disabled",
                "host_name": "",
                "id": "/subscriptions/4421688c-0a8d-4588-8dd0-338c5271d0af/resourceGroups/bb-selwan-rg/providers/Microsoft.Network/applicationGateways/burgerbuilder-appgw/backendHttpSettingsCollection/frontendHttpSetting",
                "name": "frontendHttpSetting",
                "path": "",
                "pick_host_name_from_backend_address": true,
                "port": 443,
                "probe_id": "/subscriptions/4421688c-0a8d-4588-8dd0-338c5271d0af/resourceGroups/bb-selwan-rg/providers/Microsoft.Network/applicationGateways/burgerbuilder-appgw/probes/frontendProbe",
                "probe_name": "frontendProbe",
                "protocol": "Https",
                "request_timeout": 30,
                "trusted_root_certificate_names": []
              }
            ],
            "custom_error_configuration": [],
            "enable_http2": false,
            "fips_enabled": false,
            "firewall_policy_id": "/subscriptions/4421688c-0a8d-4588-8dd0-338c5271d0af/resourceGroups/bb-selwan-rg/providers/Microsoft.Network/applicationGatewayWebApplicationFirewallPolicies/burgerbuilder-waf-policy",
            "force_firewall_policy_association": false,
            "frontend_ip_configuration": [
              {
                "id": "/subscriptions/4421688c-0a8d-4588-8dd0-338c5271d0af/resourceGroups/bb-selwan-rg/providers/Microsoft.Network/applicationGateways/burgerbuilder-appgw/frontendIPConfigurations/frontendPublicIp",
                "name": "frontendPublicIp",
                "private_ip_address": "",
                "private_ip_address_allocation": "Dynamic",
                "private_link_configuration_id": "",
                "private_link_configuration_name": "",
                "public_ip_address_id": "/subscriptions/4421688c-0a8d-4588-8dd0-338c5271d0af/resourceGroups/bb-selwan-rg/providers/Microsoft.Network/publicIPAddresses/burgerbuilder-appgw-pip",
                "subnet_id": ""
              }
            ],
            "frontend_port": [
              {
                "id": "/subscriptions/4421688c-0a8d-4588-8dd0-338c5271d0af/resourceGroups/bb-selwan-rg/providers/Microsoft.Network/applicationGateways/burgerbuilder-appgw/frontendPorts/frontendPort",
                "name": "frontendPort",
                "port": 80
              },
              {
                "id": "/subscriptions/4421688c-0a8d-4588-8dd0-338c5271d0af/resourceGroups/bb-selwan-rg/providers/Microsoft.Network/applicationGateways/burgerbuilder-appgw/frontendPorts/httpsPort",
                "name": "httpsPort",
                "port": 443
              }
            ],
            "gateway_ip_configuration": [
              {
                "id": "/subscriptions/4421688c-0a8d-4588-8dd0-338c5271d0af/resourceGroups/bb-selwan-rg/providers/Microsoft.Network/applicationGateways/burgerbuilder-appgw/gatewayIPConfigurations/appgw-ip-config",
                "name": "appgw-ip-config",
                "subnet_id": "/subscriptions/4421688c-0a8d-4588-8dd0-338c5271d0af/resourceGroups/bb-selwan-rg/providers/Microsoft.Network/virtualNetworks/burgerbuilder-vnet/subnets/appgw-snet"
              }
            ],
            "global": [],
            "http_listener": [
              {
                "custom_error_configuration": [],
                "firewall_policy_id": "",
                "frontend_ip_configuration_id": "/subscriptions/4421688c-0a8d-4588-8dd0-338c5271d0af/resourceGroups/bb-selwan-rg/providers/Microsoft.Network/applicationGateways/burgerbuilder-appgw/frontendIPConfigurations/frontendPublicIp",
                "frontend_ip_configuration_name": "frontendPublicIp",
                "frontend_port_id": "/subscriptions/4421688c-0a8d-4588-8dd0-338c5271d0af/resourceGroups/bb-selwan-rg/providers/Microsoft.Network/applicationGateways/burgerbuilder-appgw/frontendPorts/frontendPort",
                "frontend_port_name": "frontendPort",
                "host_name": "",
                "host_names": [],
                "id": "/subscriptions/4421688c-0a8d-4588-8dd0-338c5271d0af/resourceGroups/bb-selwan-rg/providers/Microsoft.Network/applicationGateways/burgerbuilder-appgw/httpListeners/httpListener",
                "name": "httpListener",
                "protocol": "Http",
                "require_sni": false,
                "ssl_certificate_id": "",
                "ssl_certificate_name": "",
                "ssl_profile_id": "",
                "ssl_profile_name": ""
              },
              {
                "custom_error_configuration": [],
                "firewall_policy_id": "",
                "frontend_ip_configuration_id": "/subscriptions/4421688c-0a8d-4588-8dd0-338c5271d0af/resourceGroups/bb-selwan-rg/providers/Microsoft.Network/applicationGateways/burgerbuilder-appgw/frontendIPConfigurations/frontendPublicIp",
                "frontend_ip_configuration_name": "frontendPublicIp",
                "frontend_port_id": "/subscriptions/4421688c-0a8d-4588-8dd0-338c5271d0af/resourceGroups/bb-selwan-rg/providers/Microsoft.Network/applicationGateways/burgerbuilder-appgw/frontendPorts/httpsPort",
                "frontend_port_name": "httpsPort",
                "host_name": "",
                "host_names": [],
                "id": "/subscriptions/4421688c-0a8d-4588-8dd0-338c5271d0af/resourceGroups/bb-selwan-rg/providers/Microsoft.Network/applicationGateways/burgerbuilder-appgw/httpListeners/httpsListener",
                "name": "httpsListener",
                "protocol": "Https",
                "require_sni": false,
                "ssl_certificate_id": "/subscriptions/4421688c-0a8d-4588-8dd0-338c5271d0af/resourceGroups/bb-selwan-rg/providers/Microsoft.Network/applicationGateways/burgerbuilder-appgw/sslCertificates/burgerbuilder-cert",
                "ssl_certificate_name": "burgerbuilder-cert",
                "ssl_profile_id": "",
                "ssl_profile_name": ""
              }
            ],
            "id": "/subscriptions/4421688c-0a8d-4588-8dd0-338c5271d0af/resourceGroups/bb-selwan-rg/providers/Microsoft.Network/applicationGateways/burgerbuilder-appgw",
            "identity": [],
            "location": "swedencentral",
            "name": "burgerbuilder-appgw",
            "private_endpoint_connection": [],
            "private_link_configuration": [],
            "probe": [
              {
                "host": "",
                "id": "/subscriptions/4421688c-0a8d-4588-8dd0-338c5271d0af/resourceGroups/bb-selwan-rg/providers/Microsoft.Network/applicationGateways/burgerbuilder-appgw/probes/backendProbe",
                "interval": 30,
                "match": [
                  {
                    "body": "",
                    "status_code": [
                      "200-399"
                    ]
                  }
                ],
                "minimum_servers": 0,
                "name": "backendProbe",
                "path": "/actuator/health",
                "pick_host_name_from_backend_http_settings": true,
                "port": 0,
                "protocol": "Https",
                "timeout": 30,
                "unhealthy_threshold": 3
              },
              {
                "host": "",
                "id": "/subscriptions/4421688c-0a8d-4588-8dd0-338c5271d0af/resourceGroups/bb-selwan-rg/providers/Microsoft.Network/applicationGateways/burgerbuilder-appgw/probes/frontendProbe",
                "interval": 30,
                "match": [
                  {
                    "body": "",
                    "status_code": [
                      "200-399"
                    ]
                  }
                ],
                "minimum_servers": 0,
                "name": "frontendProbe",
                "path": "/",
                "pick_host_name_from_backend_http_settings": true,
                "port": 0,
                "protocol": "Https",
                "timeout": 30,
                "unhealthy_threshold": 3
              }
            ],
            "redirect_configuration": [
              {
                "id": "/subscriptions/4421688c-0a8d-4588-8dd0-338c5271d0af/resourceGroups/bb-selwan-rg/providers/Microsoft.Network/applicationGateways/burgerbuilder-appgw/redirectConfigurations/redirectToHttps",
                "include_path": true,
                "include_query_string": true,
                "name": "redirectToHttps",
                "redirect_type": "Permanent",
                "target_listener_id": "/subscriptions/4421688c-0a8d-4588-8dd0-338c5271d0af/resourceGroups/bb-selwan-rg/providers/Microsoft.Network/applicationGateways/burgerbuilder-appgw/httpListeners/httpsListener",
                "target_listener_name": "httpsListener",
                "target_url": ""
              }
            ],
            "request_routing_rule": [
              {
                "backend_address_pool_id": "",
                "backend_address_pool_name": "",
                "backend_http_settings_id": "",
                "backend_http_settings_name": "",
                "http_listener_id": "/subscriptions/4421688c-0a8d-4588-8dd0-338c5271d0af/resourceGroups/bb-selwan-rg/providers/Microsoft.Network/applicationGateways/burgerbuilder-appgw/httpListeners/httpListener",
                "http_listener_name": "httpListener",
                "id": "/subscriptions/4421688c-0a8d-4588-8dd0-338c5271d0af/resourceGroups/bb-selwan-rg/providers/Microsoft.Network/applicationGateways/burgerbuilder-appgw/requestRoutingRules/redirectHttpToHttps",
                "name": "redirectHttpToHttps",
                "priority": 10,
                "redirect_configuration_id": "/subscriptions/4421688c-0a8d-4588-8dd0-338c5271d0af/resourceGroups/bb-selwan-rg/providers/Microsoft.Network/applicationGateways/burgerbuilder-appgw/redirectConfigurations/redirectToHttps",
                "redirect_configuration_name": "redirectToHttps",
                "rewrite_rule_set_id": "",
                "rewrite_rule_set_name": "",
                "rule_type": "Basic",
                "url_path_map_id": "",
                "url_path_map_name": ""
              },
              {
                "backend_address_pool_id": "",
                "backend_address_pool_name": "",
                "backend_http_settings_id": "",
                "backend_http_settings_name": "",
                "http_listener_id": "/subscriptions/4421688c-0a8d-4588-8dd0-338c5271d0af/resourceGroups/bb-selwan-rg/providers/Microsoft.Network/applicationGateways/burgerbuilder-appgw/httpListeners/httpsListener",
                "http_listener_name": "httpsListener",
                "id": "/subscriptions/4421688c-0a8d-4588-8dd0-338c5271d0af/resourceGroups/bb-selwan-rg/providers/Microsoft.Network/applicationGateways/burgerbuilder-appgw/requestRoutingRules/pathBasedRuleHttps",
                "name": "pathBasedRuleHttps",
                "priority": 20,
                "redirect_configuration_id": "",
                "redirect_configuration_name": "",
                "rewrite_rule_set_id": "",
                "rewrite_rule_set_name": "",
                "rule_type": "PathBasedRouting",
                "url_path_map_id": "/subscriptions/4421688c-0a8d-4588-8dd0-338c5271d0af/resourceGroups/bb-selwan-rg/providers/Microsoft.Network/applicationGateways/burgerbuilder-appgw/urlPathMaps/pathBasedRouting",
                "url_path_map_name": "pathBasedRouting"
              }
            ],
            "resource_group_name": "bb-selwan-rg",
            "rewrite_rule_set": [],
            "sku": [
              {
                "capacity": 2,
                "name": "WAF_v2",
                "tier": "WAF_v2"
              }
            ],
            "ssl_certificate": [
              {
                "data": "MIIKPwIBAzCCCfUGCSqGSIb3DQEHAaCCCeYEggniMIIJ3jCCBFIGCSqGSIb3DQEHBqCCBEMwggQ/AgEAMIIEOAYJKoZIhvcNAQcBMFcGCSqGSIb3DQEFDTBKMCkGCSqGSIb3DQEFDDAcBAgiPywe05zHggICCAAwDAYIKoZIhvcNAgkFADAdBglghkgBZQMEASoEEEejqY78GKBAZYvFfkONMp6AggPQklIO4AZEJOTSx4PM0tYgO7lWpGArIpaD1yY2iIwI1C7s2wOnRI2zhkf4IZPZ5cLotOtH/TveDLgE7LsVSZIKY7Np1rhQQcZJsdtBrIfI2VFKZLrXfNltgdL/IZMAh8Q5oBfCz4NRIrPOxoWslivXnYwK1Fu+nRTyWQCQ0w/bSThJ539/VYZsTdWZgrelvh92wY/x0fgPUm04aaBp9Cir6SrRDnHuq4gn6q0tLn5NlkT+lhDa4yEI7TAO2mstZrxEnKN+pWtim1u69pqgBBI3vnM1/6JAX6UGp9ErMzT57eIvw5ws0gQKEdv3QGtwP3FfwHjhPALNqpYsQuc57uyNsjnPY7DdqV11apvPY8vbrSwVy8e+RGtycYvVJ+uWTOwuYlHkKi4wxEaJ97FjlGwXgMOcIgjRK78wVSeUIUBnxIGlUL+2mQHUWQ6bvbjkRl+ZJYjQ0hps1/punhSX0Qd2p2y+dPIhuQSVTx9k236aq65/rOQZ8Jv9istLI/2bkn6scbqyDxHfOWDnZRL5M4M3D/2qKz5106nUwC5SzbcdGyqlFMS0CoLRh9/V3Pt+LXRsdbyVyZaBtnzRwBpbUu2/O0nXos3LHEGipMeTfvY/hL6BVpgzo6SfTkRmt+wYTxyajYPEeZh+qHoWsZ6uM3a7ptbmc2RNHfo4vkoNfNESWLtJDrLjew/sNJC933lBnJFwtXUpI98msFLk9HsOE55vig73iDCg+Kpn35i1coWK0kgWiAO3Tz2fkuKE8MwdfkvFpXHu7r/Ggx5v/sng8NjIx8wfULGYMiemc1ORptNvybzK+6ovYatRJWtcq4En0b/HTiyryCu/4u4oFQWjmxi/if6zgRCaTDyEkvHkwkPb4cecnmM+vbMni/HERvTqu3BR8XPEXTdOc589F46GB19WlfCHpVItyHePo9LrQpj92AIXROnwD4dr/gNURDbuQmqH7r94BtvCIpLi5zGIjywBsN092/Duoae4KvBFPfPD6EalT5fCPF2mBM/nXAicy7ULTRdrayNJwxZpyIKLwFg1oM5oRRaIUrmjoEUsPCF2PuwHA1CFKoed+J3Scs2TFiwruDUwk97GKHC/9XBBZPlDNEwFJM3HLtFYr3Qljao3qbd4k/uxNFKqdupmKSCzuWIzDRRpStaHYdLxdxSnA765kyTCiHe4hCKigsVFn0LYRei/n7VRWxeKscNUnN6oXm6E70+T5csVPkLOkDt0osp3I7s/nn0JGvL399IydxlQZtjNZp53D8ibYyA8YxZyZVhxGx6RW77DEOgeUttwJ04objCCBYQGCSqGSIb3DQEHAaCCBXUEggVxMIIFbTCCBWkGCyqGSIb3DQEMCgECoIIFMTCCBS0wVwYJKoZIhvcNAQUNMEowKQYJKoZIhvcNAQUMMBwECDt40ZiA//5VAgIIADAMBggqhkiG9w0CCQUAMB0GCWCGSAFlAwQBKgQQ8t8qHFYgY3QwXMzX8812GASCBNA9q7Id/hGc216gjwkPbVoD2OZ8i7mAz1GGYSJJLiFuDbUyliA3z7bgV7yK7Ir+hdHHOzbgQP+MzE+I6IYQQknkMo7PVKU0wYQWfK2VY/o0r8CGfP6csO2KRDQ/EzVFX6CUUbu3MJNpH6djyW10RUHvEOncWyNjqIJRBF1ogTncqJ8iP5jKNbRnLMCkBx3IpgFrSsNRQXidyRzmNQqsvvFcUVf+YS3WHhW1D92YG+xpl56x3TbFuaKNoOu+Gl6RumUuMhjYxeEIHnv8hEJ6y2STJqseKT9Dt1XACi0OwbUIOIAWZc11kWO/DS8J95BIHEnpIGOt9BdWo6UkxAwpx1h36UjKK5fWMrRJDXudsfh5xP1H4QcozBhiHym9B/IFVFuFJ2XlGrdjnJzzkeulF/PGYU1lF1i1o84ANh51cZQQ11Ykvf9HKux7kqTPxPzor3kl5T6gEa/KoWFWUkrIYKAhndY6uKsf/6OdIAPg3tNsPYFyC5UnQ/QfhMh0mJMIofU1i0IX4EoArKterkb518CY8M8sfuuw+uMZOQkhI8RFzsCaLe+rRhjQSl+S/aCjqj9GOSlcyq+uBZVI1dJjgUdzp7Pq7WFs1JGB8mxpunNqYKBg+ldnjYdaZtnKhEfTNftRvFY3YomXQP+caZQFhwmQ+dF/VIDSa+eG/F5J5GufZJFnqL2MuA74+1AfwUF3T91SLcXAtLtawJo8dBRVvfGCLRfbt9sSwyoTLtlJvo2KRP7iNPyL04bdUEvnTC4T3hpeHst0CIqGc1CqblBePKMts/4wOpeAN5mMCzxxJAzNppjwUGPKWU+WjiLgBpVKi79MuaqzHuzL1qNd6RMcHJtn5Kln47Shpt88YOlTY8yjxwWTGpbdvQ1b/iOWuZnNoGrrs7XPIC0a2htA8CX+aDKGu0w/n86+TdwQ8znGsO/ClXbSF2t6fgyWbT3Lra3haFhC/su/p17ERXNLIsMjE11XT1l0Av/s38J6hX1mgfM5v47V2q4gx96jMzP4HKwfXu/a6Olhg+QDbnudDL48swO9O5N59MK35gvh90TxDZzpNIAcHdMLfwGwRy0O5rBvxpNfsVEy7uKjecMfcHzEpV7Ho2iMh5BN98hMqqa1LLx0gArKLi/33WkSn79IL607JTAVD9JZOt0f+C1UMROD17MQyg8C0/iMBxaGRfQ8T86Mjj0ccBoFdJBSutTcwwyW7ajCb/yv6o2YwzgF1c0DTprNRagW+HMCEqCwkZC1OECSdQG3u3ezb4VfbOvQtuIeXULYxgv1iSRW5A98f9E1D1CK6WNiB1Zu41SxfaqQpD5qAqmsNE+u3AIuj7ocsMLLA+G3hadrCMhmN8ui2H/iVMAMyOgQS20TZMaK31LGwI7qstKG1qnc33Lm93lbu7ifneNQWoFqZeog7Pe4hS1Y3qNUnsBDdpDgjX4Vu0Azk+Qfqslf/Y5j316ccQXLjvrGvP9lkhN2nL+TEEv3RdbYKU+Jz6VX8YBZqhebpI9gUsYiy2iYKTeKVaDSO4L2h5f482edEmBsY2Txm2ZNYBuW2MxdDitXQAgi9nlMMwFajeN+Jjr39of6kEWkDdc8yThWZLe1FhuESh8YD5l24u+SigaBI5bewQA+J+lP0Diybdq9mTElMCMGCSqGSIb3DQEJFTEWBBRhEwCGaoePNvYuqvSGKR5Mez1+ijBBMDEwDQYJYIZIAWUDBAIBBQAEIBrAgNsGEWV9y0VANAfHZaLidVwDRULYbegYSdqYCbrmBAjyzn5abNlpXwICCAA=",
                "id": "/subscriptions/4421688c-0a8d-4588-8dd0-338c5271d0af/resourceGroups/bb-selwan-rg/providers/Microsoft.Network/applicationGateways/burgerbuilder-appgw/sslCertificates/burgerbuilder-cert",
                "key_vault_secret_id": "",
                "name": "burgerbuilder-cert",
                "password": "MyStrongPfxPassword123!",
                "public_cert_data": "MIIDlgYJKoZIhvcNAQcCoIIDhzCCA4MCAQExADALBgkqhkiG9w0BBwGgggNrMIIDZzCCAk+gAwIBAgIUDDmj/VVFTwfexLbqDFEETE01G98wDQYJKoZIhvcNAQELBQAwQzEcMBoGA1UEAwwTYnVyZ2VyYnVpbGRlci5sb2NhbDEWMBQGA1UECgwNQnVyZ2VyQnVpbGRlcjELMAkGA1UEBhMCU0UwHhcNMjUxMDEwMTYxMjUyWhcNMjYxMDEwMTYxMjUyWjBDMRwwGgYDVQQDDBNidXJnZXJidWlsZGVyLmxvY2FsMRYwFAYDVQQKDA1CdXJnZXJCdWlsZGVyMQswCQYDVQQGEwJTRTCCASIwDQYJKoZIhvcNAQEBBQADggEPADCCAQoCggEBAMS9RUmX5mliQeJxX2i9YFgSk26y0w22z66YH/gDLPByLwlmQMLyKOSmV+u6SvimPP8sWXStVMjq7IAdUVymqoq7gbVyAnsUQ9vlzwW5VUY8UzBIuBHjmp20FCUeAgechINB5JP1cvQ13X3EfkWi4VNhB8+3GUKsK0Ap6KXwMAryUWv9V7rRrZ5jMtz2zSczUsdFMq/YDE2186XoldjZJeEic8EaR5VZNgnGNOg26aM7XSVT5+mvyx8QkUWROZ67aJgS7bu93lCuo8RMDYvrimU1WjvrrxHnD1Wo5PsuTTpn65gook2cOOpJYgi903JS9bxRJKMp5CzW69torTBYKl0CAwEAAaNTMFEwHQYDVR0OBBYEFHdHfkKBkZD2a5G+rrvXo6X3F9IwMB8GA1UdIwQYMBaAFHdHfkKBkZD2a5G+rrvXo6X3F9IwMA8GA1UdEwEB/wQFMAMBAf8wDQYJKoZIhvcNAQELBQADggEBADDGO4U6oogh8nKo1xbbNffe/dXSA54uD6+NE8PChrK5U5aaMGb12fgnUvPnwL1D8zQwdvBAgnseNinz5TCgqkvaNDxHZ93q8sVAhSLKRZi4Xi5a3XipEFqAspaqNh9/tDGBrvUtdr4UZjxtGJEPQd5ogBhpkRstOrOHQmKpLwdCDsydCNVaVjFgj84BQnR7Q8+3xCpb5U54hx2HAXsEP1T+aT1PFHGnZ9C5c4L+85sa7N9tLK8iiiRDd9uGc5zqm8yhgTWAL9O6lcurvA4i2PDEhhc0TzXG8N7oGt+WM+Iw8xQ2CtFxZ2yKb1CqYQyp/L/Jv4fVvmAGcfcIFdo0WPExAA=="
              }
            ],
            "ssl_policy": [
              {
                "cipher_suites": [],
                "disabled_protocols": [],
                "min_protocol_version": "",
                "policy_name": "AppGwSslPolicy20220101",
                "policy_type": "Predefined"
              }
            ],
            "ssl_profile": [],
            "tags": {
              "Environment": "Production",
              "Owner": "Selwan",
              "Project": "BurgerBuilder"
            },
            "timeouts": null,
            "trusted_client_certificate": [],
            "trusted_root_certificate": [],
            "url_path_map": [
              {
                "default_backend_address_pool_id": "/subscriptions/4421688c-0a8d-4588-8dd0-338c5271d0af/resourceGroups/bb-selwan-rg/providers/Microsoft.Network/applicationGateways/burgerbuilder-appgw/backendAddressPools/frontendPool",
                "default_backend_address_pool_name": "frontendPool",
                "default_backend_http_settings_id": "/subscriptions/4421688c-0a8d-4588-8dd0-338c5271d0af/resourceGroups/bb-selwan-rg/providers/Microsoft.Network/applicationGateways/burgerbuilder-appgw/backendHttpSettingsCollection/frontendHttpSetting",
                "default_backend_http_settings_name": "frontendHttpSetting",
                "default_redirect_configuration_id": "",
                "default_redirect_configuration_name": "",
                "default_rewrite_rule_set_id": "",
                "default_rewrite_rule_set_name": "",
                "id": "/subscriptions/4421688c-0a8d-4588-8dd0-338c5271d0af/resourceGroups/bb-selwan-rg/providers/Microsoft.Network/applicationGateways/burgerbuilder-appgw/urlPathMaps/pathBasedRouting",
                "name": "pathBasedRouting",
                "path_rule": [
                  {
                    "backend_address_pool_id": "/subscriptions/4421688c-0a8d-4588-8dd0-338c5271d0af/resourceGroups/bb-selwan-rg/providers/Microsoft.Network/applicationGateways/burgerbuilder-appgw/backendAddressPools/backendPool",
                    "backend_address_pool_name": "backendPool",
                    "backend_http_settings_id": "/subscriptions/4421688c-0a8d-4588-8dd0-338c5271d0af/resourceGroups/bb-selwan-rg/providers/Microsoft.Network/applicationGateways/burgerbuilder-appgw/backendHttpSettingsCollection/backendHttpSetting",
                    "backend_http_settings_name": "backendHttpSetting",
                    "firewall_policy_id": "",
                    "id": "/subscriptions/4421688c-0a8d-4588-8dd0-338c5271d0af/resourceGroups/bb-selwan-rg/providers/Microsoft.Network/applicationGateways/burgerbuilder-appgw/urlPathMaps/pathBasedRouting/pathRules/apiRule",
                    "name": "apiRule",
                    "paths": [
                      "/api/*"
                    ],
                    "redirect_configuration_id": "",
                    "redirect_configuration_name": "",
                    "rewrite_rule_set_id": "",
                    "rewrite_rule_set_name": ""
                  },
                  {
                    "backend_address_pool_id": "/subscriptions/4421688c-0a8d-4588-8dd0-338c5271d0af/resourceGroups/bb-selwan-rg/providers/Microsoft.Network/applicationGateways/burgerbuilder-appgw/backendAddressPools/backendPool",
                    "backend_address_pool_name": "backendPool",
                    "backend_http_settings_id": "/subscriptions/4421688c-0a8d-4588-8dd0-338c5271d0af/resourceGroups/bb-selwan-rg/providers/Microsoft.Network/applicationGateways/burgerbuilder-appgw/backendHttpSettingsCollection/backendHttpSetting",
                    "backend_http_settings_name": "backendHttpSetting",
                    "firewall_policy_id": "",
                    "id": "/subscriptions/4421688c-0a8d-4588-8dd0-338c5271d0af/resourceGroups/bb-selwan-rg/providers/Microsoft.Network/applicationGateways/burgerbuilder-appgw/urlPathMaps/pathBasedRouting/pathRules/actuatorRule",
                    "name": "actuatorRule",
                    "paths": [
                      "/actuator/*"
                    ],
                    "redirect_configuration_id": "",
                    "redirect_configuration_name": "",
                    "rewrite_rule_set_id": "",
                    "rewrite_rule_set_name": ""
                  }
                ]
              }
            ],
            "waf_configuration": [],
            "zones": []
          },
          "sensitive_attributes": [
            [
              {
                "type": "get_attr",
                "value": "ssl_certificate"
              }
            ]
          ],
          "identity_schema_version": 0,
          "identity": {
            "name": "burgerbuilder-appgw",
            "resource_group_name": "bb-selwan-rg",
            "subscription_id": "4421688c-0a8d-4588-8dd0-338c5271d0af"
          },
          "private": "eyJlMmJmYjczMC1lY2FhLTExZTYtOGY4OC0zNDM2M2JjN2M0YzAiOnsiY3JlYXRlIjo1NDAwMDAwMDAwMDAwLCJkZWxldGUiOjU0MDAwMDAwMDAwMDAsInJlYWQiOjMwMDAwMDAwMDAwMCwidXBkYXRlIjo1NDAwMDAwMDAwMDAwfX0=",
          "dependencies": [
            "azurerm_container_app.backend",
            "azurerm_container_app.frontend",
            "azurerm_container_app_environment.burgerbuilder_env",
            "azurerm_log_analytics_workspace.burgerbuilder_law",
            "azurerm_public_ip.burgerbuilder_appgw_pip",
            "azurerm_resource_group.main",
            "azurerm_subnet.aca",
            "azurerm_subnet.appgw",
            "azurerm_user_assigned_identity.aca_identity",
            "azurerm_virtual_network.main",
            "azurerm_web_application_firewall_policy.burgerbuilder_waf_policy"
          ]
        }
      ]
    },
    {
      "mode": "managed",
      "type": "azurerm_container_app",
      "name": "backend",
      "provider": "provider[\"registry.terraform.io/hashicorp/azurerm\"]",
      "instances": [
        {
          "schema_version": 0,
          "attributes": {
            "container_app_environment_id": "/subscriptions/4421688c-0a8d-4588-8dd0-338c5271d0af/resourceGroups/bb-selwan-rg/providers/Microsoft.App/managedEnvironments/burgerbuilder-aca-env",
            "custom_domain_verification_id": "C5629A918A3FA55FF147545881A75721689136F00C9C862C48493941404CBD3C",
            "dapr": [],
            "id": "/subscriptions/4421688c-0a8d-4588-8dd0-338c5271d0af/resourceGroups/bb-selwan-rg/providers/Microsoft.App/containerApps/burgerbuilder-backend",
            "identity": [
              {
                "identity_ids": [
                  "/subscriptions/4421688c-0a8d-4588-8dd0-338c5271d0af/resourceGroups/bb-selwan-rg/providers/Microsoft.ManagedIdentity/userAssignedIdentities/burgerbuilder-aca-identity"
                ],
                "principal_id": "",
                "tenant_id": "",
                "type": "UserAssigned"
              }
            ],
            "ingress": [
              {
                "allow_insecure_connections": false,
                "client_certificate_mode": "",
                "cors": [],
                "custom_domain": [],
                "exposed_port": 0,
                "external_enabled": false,
                "fqdn": "burgerbuilder-backend.internal.nicebeach-3608a673.swedencentral.azurecontainerapps.io",
                "ip_security_restriction": [],
                "target_port": 8080,
                "traffic_weight": [
                  {
                    "label": "",
                    "latest_revision": true,
                    "percentage": 100,
                    "revision_suffix": ""
                  }
                ],
                "transport": "auto"
              }
            ],
            "latest_revision_fqdn": "burgerbuilder-backend--0000002.internal.nicebeach-3608a673.swedencentral.azurecontainerapps.io",
            "latest_revision_name": "burgerbuilder-backend--0000002",
            "location": "swedencentral",
            "max_inactive_revisions": 0,
            "name": "burgerbuilder-backend",
            "outbound_ip_addresses": [
              "20.240.38.142",
              "20.240.38.235",
              "9.223.237.26",
              "9.223.246.165",
              "74.241.209.91",
              "74.241.211.241",
              "9.223.245.238",
              "135.116.14.86",
              "9.223.173.128",
              "9.223.237.22",
              "4.225.86.27",
              "9.223.75.69",
              "20.240.37.255",
              "9.223.245.208",
              "9.223.237.31",
              "9.223.45.114",
              "9.223.24.231",
              "74.241.210.170",
              "9.223.246.185",
              "9.223.16.144",
              "135.116.37.178",
              "9.223.247.36",
              "9.223.18.163",
              "20.240.37.231",
              "74.241.204.139",
              "74.241.204.246",
              "74.241.202.17",
              "74.241.200.59",
              "74.241.205.78",
              "74.241.203.192",
              "20.240.28.167",
              "20.240.28.184",
              "9.223.20.105",
              "135.116.6.186",
              "9.223.21.30",
              "9.223.218.210",
              "135.116.14.134",
              "9.223.143.243",
              "9.223.9.149",
              "74.241.137.85",
              "74.241.139.161",
              "74.241.138.64",
              "20.240.28.187",
              "74.241.136.237",
              "9.223.21.119",
              "9.223.10.153",
              "9.223.225.145",
              "9.223.220.233",
              "74.241.136.44",
              "9.223.87.134",
              "74.241.139.29",
              "9.223.20.250",
              "9.223.20.145",
              "20.240.29.51",
              "74.241.193.90",
              "74.241.192.157",
              "74.241.192.45",
              "74.241.193.154",
              "74.241.192.111",
              "74.241.193.34",
              "135.116.189.117"
            ],
            "registry": [
              {
                "identity": "/subscriptions/4421688c-0a8d-4588-8dd0-338c5271d0af/resourceGroups/bb-selwan-rg/providers/Microsoft.ManagedIdentity/userAssignedIdentities/burgerbuilder-aca-identity",
                "password_secret_name": "",
                "server": "burgerbuilderacr.azurecr.io",
                "username": ""
              }
            ],
            "resource_group_name": "bb-selwan-rg",
            "revision_mode": "Single",
            "secret": [],
            "tags": {
              "app": "burgerbuilder",
              "component": "backend",
              "environment": "development"
            },
            "template": [
              {
                "azure_queue_scale_rule": [],
                "container": [
                  {
                    "args": [],
                    "command": [],
                    "cpu": 1,
                    "env": [
                      {
                        "name": "DATABASE_URL",
                        "secret_name": "",
                        "value": "Server=tcp:burgerbuilder-sqlserver.privatelink.database.windows.net,1433;Database=burgerbuilder-db;User ID=sqladminuser;Password=StrongPassword123!;Encrypt=true;Connection Timeout=30;"
                      }
                    ],
                    "ephemeral_storage": "4Gi",
                    "image": "burgerbuilderacr.azurecr.io/burgerbuilder-backend:latest",
                    "liveness_probe": [],
                    "memory": "2Gi",
                    "name": "backend",
                    "readiness_probe": [],
                    "startup_probe": [],
                    "volume_mounts": []
                  }
                ],
                "custom_scale_rule": [],
                "http_scale_rule": [],
                "init_container": [],
                "max_replicas": 10,
                "min_replicas": 0,
                "revision_suffix": "",
                "tcp_scale_rule": [],
                "termination_grace_period_seconds": 0,
                "volume": []
              }
            ],
            "timeouts": null,
            "workload_profile_name": "Consumption"
          },
          "sensitive_attributes": [
            [
              {
                "type": "get_attr",
                "value": "custom_domain_verification_id"
              }
            ]
          ],
          "identity_schema_version": 0,
          "private": "eyJlMmJmYjczMC1lY2FhLTExZTYtOGY4OC0zNDM2M2JjN2M0YzAiOnsiY3JlYXRlIjoxODAwMDAwMDAwMDAwLCJkZWxldGUiOjE4MDAwMDAwMDAwMDAsInJlYWQiOjMwMDAwMDAwMDAwMCwidXBkYXRlIjoxODAwMDAwMDAwMDAwfX0=",
          "dependencies": [
            "azurerm_container_app_environment.burgerbuilder_env",
            "azurerm_log_analytics_workspace.burgerbuilder_law",
            "azurerm_resource_group.main",
            "azurerm_subnet.aca",
            "azurerm_user_assigned_identity.aca_identity",
            "azurerm_virtual_network.main"
          ]
        }
      ]
    },
    {
      "mode": "managed",
      "type": "azurerm_container_app",
      "name": "frontend",
      "provider": "provider[\"registry.terraform.io/hashicorp/azurerm\"]",
      "instances": [
        {
          "schema_version": 0,
          "attributes": {
            "container_app_environment_id": "/subscriptions/4421688c-0a8d-4588-8dd0-338c5271d0af/resourceGroups/bb-selwan-rg/providers/Microsoft.App/managedEnvironments/burgerbuilder-aca-env",
            "custom_domain_verification_id": "C5629A918A3FA55FF147545881A75721689136F00C9C862C48493941404CBD3C",
            "dapr": [],
            "id": "/subscriptions/4421688c-0a8d-4588-8dd0-338c5271d0af/resourceGroups/bb-selwan-rg/providers/Microsoft.App/containerApps/burgerbuilder-frontend",
            "identity": [
              {
                "identity_ids": [
                  "/subscriptions/4421688c-0a8d-4588-8dd0-338c5271d0af/resourceGroups/bb-selwan-rg/providers/Microsoft.ManagedIdentity/userAssignedIdentities/burgerbuilder-aca-identity"
                ],
                "principal_id": "",
                "tenant_id": "",
                "type": "UserAssigned"
              }
            ],
            "ingress": [
              {
                "allow_insecure_connections": false,
                "client_certificate_mode": "",
                "cors": [],
                "custom_domain": [],
                "exposed_port": 0,
                "external_enabled": false,
                "fqdn": "burgerbuilder-frontend.internal.nicebeach-3608a673.swedencentral.azurecontainerapps.io",
                "ip_security_restriction": [],
                "target_port": 80,
                "traffic_weight": [
                  {
                    "label": "",
                    "latest_revision": true,
                    "percentage": 100,
                    "revision_suffix": ""
                  }
                ],
                "transport": "auto"
              }
            ],
            "latest_revision_fqdn": "burgerbuilder-frontend--0000001.internal.nicebeach-3608a673.swedencentral.azurecontainerapps.io",
            "latest_revision_name": "burgerbuilder-frontend--0000001",
            "location": "swedencentral",
            "max_inactive_revisions": 0,
            "name": "burgerbuilder-frontend",
            "outbound_ip_addresses": [
              "20.240.38.142",
              "20.240.38.235",
              "9.223.237.26",
              "9.223.246.165",
              "74.241.209.91",
              "74.241.211.241",
              "9.223.245.238",
              "135.116.14.86",
              "9.223.173.128",
              "9.223.237.22",
              "4.225.86.27",
              "9.223.75.69",
              "20.240.37.255",
              "9.223.245.208",
              "9.223.237.31",
              "9.223.45.114",
              "9.223.24.231",
              "74.241.210.170",
              "9.223.246.185",
              "9.223.16.144",
              "135.116.37.178",
              "9.223.247.36",
              "9.223.18.163",
              "20.240.37.231",
              "74.241.204.139",
              "74.241.204.246",
              "74.241.202.17",
              "74.241.200.59",
              "74.241.205.78",
              "74.241.203.192",
              "20.240.28.167",
              "20.240.28.184",
              "9.223.20.105",
              "135.116.6.186",
              "9.223.21.30",
              "9.223.218.210",
              "135.116.14.134",
              "9.223.143.243",
              "9.223.9.149",
              "74.241.137.85",
              "74.241.139.161",
              "74.241.138.64",
              "20.240.28.187",
              "74.241.136.237",
              "9.223.21.119",
              "9.223.10.153",
              "9.223.225.145",
              "9.223.220.233",
              "74.241.136.44",
              "9.223.87.134",
              "74.241.139.29",
              "9.223.20.250",
              "9.223.20.145",
              "20.240.29.51",
              "74.241.193.90",
              "74.241.192.157",
              "74.241.192.45",
              "74.241.193.154",
              "74.241.192.111",
              "74.241.193.34",
              "135.116.189.117"
            ],
            "registry": [
              {
                "identity": "/subscriptions/4421688c-0a8d-4588-8dd0-338c5271d0af/resourceGroups/bb-selwan-rg/providers/Microsoft.ManagedIdentity/userAssignedIdentities/burgerbuilder-aca-identity",
                "password_secret_name": "",
                "server": "burgerbuilderacr.azurecr.io",
                "username": ""
              }
            ],
            "resource_group_name": "bb-selwan-rg",
            "revision_mode": "Single",
            "secret": [],
            "tags": {
              "app": "burgerbuilder",
              "component": "frontend",
              "environment": "development"
            },
            "template": [
              {
                "azure_queue_scale_rule": [],
                "container": [
                  {
                    "args": [],
                    "command": [],
                    "cpu": 1,
                    "env": [
                      {
                        "name": "REACT_APP_API_URL",
                        "secret_name": "",
                        "value": "http://burgerbuilder-backend"
                      }
                    ],
                    "ephemeral_storage": "4Gi",
                    "image": "burgerbuilderacr.azurecr.io/burgerbuilder-frontend:latest",
                    "liveness_probe": [],
                    "memory": "2Gi",
                    "name": "frontend",
                    "readiness_probe": [],
                    "startup_probe": [],
                    "volume_mounts": []
                  }
                ],
                "custom_scale_rule": [],
                "http_scale_rule": [],
                "init_container": [],
                "max_replicas": 10,
                "min_replicas": 0,
                "revision_suffix": "",
                "tcp_scale_rule": [],
                "termination_grace_period_seconds": 0,
                "volume": []
              }
            ],
            "timeouts": null,
            "workload_profile_name": "Consumption"
          },
          "sensitive_attributes": [
            [
              {
                "type": "get_attr",
                "value": "custom_domain_verification_id"
              }
            ]
          ],
          "identity_schema_version": 0,
          "private": "eyJlMmJmYjczMC1lY2FhLTExZTYtOGY4OC0zNDM2M2JjN2M0YzAiOnsiY3JlYXRlIjoxODAwMDAwMDAwMDAwLCJkZWxldGUiOjE4MDAwMDAwMDAwMDAsInJlYWQiOjMwMDAwMDAwMDAwMCwidXBkYXRlIjoxODAwMDAwMDAwMDAwfX0=",
          "dependencies": [
            "azurerm_container_app_environment.burgerbuilder_env",
            "azurerm_log_analytics_workspace.burgerbuilder_law",
            "azurerm_resource_group.main",
            "azurerm_subnet.aca",
            "azurerm_user_assigned_identity.aca_identity",
            "azurerm_virtual_network.main"
          ]
        }
      ]
    },
    {
      "mode": "managed",
      "type": "azurerm_container_app_environment",
      "name": "burgerbuilder_env",
      "provider": "provider[\"registry.terraform.io/hashicorp/azurerm\"]",
      "instances": [
        {
          "schema_version": 0,
          "attributes": {
            "custom_domain_verification_id": "C5629A918A3FA55FF147545881A75721689136F00C9C862C48493941404CBD3C",
            "dapr_application_insights_connection_string": "",
            "default_domain": "nicebeach-3608a673.swedencentral.azurecontainerapps.io",
            "docker_bridge_cidr": "",
            "id": "/subscriptions/4421688c-0a8d-4588-8dd0-338c5271d0af/resourceGroups/bb-selwan-rg/providers/Microsoft.App/managedEnvironments/burgerbuilder-aca-env",
            "identity": [],
            "infrastructure_resource_group_name": "ME_burgerbuilder-aca-env_bb-selwan-rg_swedencentral",
            "infrastructure_subnet_id": "/subscriptions/4421688c-0a8d-4588-8dd0-338c5271d0af/resourceGroups/bb-selwan-rg/providers/Microsoft.Network/virtualNetworks/burgerbuilder-vnet/subnets/aca-infra-snet",
            "internal_load_balancer_enabled": true,
            "location": "swedencentral",
            "log_analytics_workspace_id": "/subscriptions/4421688c-0a8d-4588-8dd0-338c5271d0af/resourceGroups/bb-selwan-rg/providers/Microsoft.OperationalInsights/workspaces/burgerbuilder-law",
            "logs_destination": "log-analytics",
            "mutual_tls_enabled": false,
            "name": "burgerbuilder-aca-env",
            "platform_reserved_cidr": "",
            "platform_reserved_dns_ip_address": "",
            "resource_group_name": "bb-selwan-rg",
            "static_ip_address": "10.20.1.30",
            "tags": {
              "environment": "development",
              "project": "BurgerBuilder"
            },
            "timeouts": null,
            "workload_profile": [
              {
                "maximum_count": 0,
                "minimum_count": 0,
                "name": "Consumption",
                "workload_profile_type": "Consumption"
              },
              {
                "maximum_count": 3,
                "minimum_count": 1,
                "name": "default",
                "workload_profile_type": "D4"
              }
            ],
            "zone_redundancy_enabled": false
          },
          "sensitive_attributes": [
            [
              {
                "type": "get_attr",
                "value": "dapr_application_insights_connection_string"
              }
            ]
          ],
          "identity_schema_version": 0,
          "private": "eyJlMmJmYjczMC1lY2FhLTExZTYtOGY4OC0zNDM2M2JjN2M0YzAiOnsiY3JlYXRlIjoxODAwMDAwMDAwMDAwLCJkZWxldGUiOjE4MDAwMDAwMDAwMDAsInJlYWQiOjMwMDAwMDAwMDAwMCwidXBkYXRlIjoxODAwMDAwMDAwMDAwfX0=",
          "dependencies": [
            "azurerm_log_analytics_workspace.burgerbuilder_law",
            "azurerm_resource_group.main",
            "azurerm_subnet.aca",
            "azurerm_virtual_network.main"
          ]
        }
      ]
    },
    {
      "mode": "managed",
      "type": "azurerm_log_analytics_workspace",
      "name": "burgerbuilder_law",
      "provider": "provider[\"registry.terraform.io/hashicorp/azurerm\"]",
      "instances": [
        {
          "schema_version": 3,
          "attributes": {
            "allow_resource_only_permissions": true,
            "cmk_for_query_forced": false,
            "daily_quota_gb": -1,
            "data_collection_rule_id": "",
            "id": "/subscriptions/4421688c-0a8d-4588-8dd0-338c5271d0af/resourceGroups/bb-selwan-rg/providers/Microsoft.OperationalInsights/workspaces/burgerbuilder-law",
            "identity": [],
            "immediate_data_purge_on_30_days_enabled": false,
            "internet_ingestion_enabled": true,
            "internet_query_enabled": true,
            "local_authentication_disabled": true,
            "local_authentication_enabled": false,
            "location": "swedencentral",
            "name": "burgerbuilder-law",
            "primary_shared_key": "q1r4Q1+TCn7wEe0g0BcD5v6tDmoqD3n/axnozpDkAOZvwmNnWa5qkCCI2GLeuLEa7U/hhXLDQQVfvoCJW11o0Q==",
            "reservation_capacity_in_gb_per_day": null,
            "resource_group_name": "bb-selwan-rg",
            "retention_in_days": 30,
            "secondary_shared_key": "kgxJfnoU9AUA9slXkzj2doGnxpS/pkEJ/nKwV5vroKXkLkX9TpCniZpEFoIZV0LbTnq6KY5mITx/LDoYuIixQw==",
            "sku": "PerGB2018",
            "tags": {},
            "timeouts": null,
            "workspace_id": "9e78d3c5-ec4a-4f83-a3d9-0724d552b347"
          },
          "sensitive_attributes": [
            [
              {
                "type": "get_attr",
                "value": "primary_shared_key"
              }
            ],
            [
              {
                "type": "get_attr",
                "value": "secondary_shared_key"
              }
            ]
          ],
          "identity_schema_version": 0,
          "private": "eyJlMmJmYjczMC1lY2FhLTExZTYtOGY4OC0zNDM2M2JjN2M0YzAiOnsiY3JlYXRlIjoxODAwMDAwMDAwMDAwLCJkZWxldGUiOjE4MDAwMDAwMDAwMDAsInJlYWQiOjMwMDAwMDAwMDAwMCwidXBkYXRlIjoxODAwMDAwMDAwMDAwfSwic2NoZW1hX3ZlcnNpb24iOiIzIn0=",
          "dependencies": [
            "azurerm_resource_group.main"
          ]
        }
      ]
    },
    {
      "mode": "managed",
      "type": "azurerm_mssql_database",
      "name": "burgerbuilder_db",
      "provider": "provider[\"registry.terraform.io/hashicorp/azurerm\"]",
      "instances": [
        {
          "schema_version": 1,
          "attributes": {
            "auto_pause_delay_in_minutes": 0,
            "collation": "SQL_Latin1_General_CP1_CI_AS",
            "create_mode": "Default",
            "creation_source_database_id": null,
            "elastic_pool_id": "",
            "enclave_type": "",
            "geo_backup_enabled": true,
            "id": "/subscriptions/4421688c-0a8d-4588-8dd0-338c5271d0af/resourceGroups/bb-selwan-rg/providers/Microsoft.Sql/servers/burgerbuilder-sqlserver/databases/burgerbuilder-db",
            "identity": [],
            "import": [],
            "ledger_enabled": false,
            "license_type": "",
            "long_term_retention_policy": [
              {
                "immutable_backups_enabled": false,
                "monthly_retention": "PT0S",
                "week_of_year": 1,
                "weekly_retention": "PT0S",
                "yearly_retention": "PT0S"
              }
            ],
            "maintenance_configuration_name": "SQL_Default",
            "max_size_gb": 5,
            "min_capacity": 0,
            "name": "burgerbuilder-db",
            "read_replica_count": 0,
            "read_scale": false,
            "recover_database_id": null,
            "recovery_point_id": null,
            "restore_dropped_database_id": null,
            "restore_long_term_retention_backup_id": null,
            "restore_point_in_time": null,
            "sample_name": null,
            "secondary_type": "",
            "server_id": "/subscriptions/4421688c-0a8d-4588-8dd0-338c5271d0af/resourceGroups/bb-selwan-rg/providers/Microsoft.Sql/servers/burgerbuilder-sqlserver",
            "short_term_retention_policy": [
              {
                "backup_interval_in_hours": 24,
                "retention_days": 7
              }
            ],
            "sku_name": "S0",
            "storage_account_type": "Geo",
            "tags": {
              "environment": "development",
              "project": "BurgerBuilder"
            },
            "threat_detection_policy": [
              {
                "disabled_alerts": [],
                "email_account_admins": "Disabled",
                "email_addresses": [],
                "retention_days": 0,
                "state": "Disabled",
                "storage_account_access_key": "",
                "storage_endpoint": ""
              }
            ],
            "timeouts": null,
            "transparent_data_encryption_enabled": true,
            "transparent_data_encryption_key_automatic_rotation_enabled": false,
            "transparent_data_encryption_key_vault_key_id": "",
            "zone_redundant": false
          },
          "sensitive_attributes": [
            [
              {
                "type": "get_attr",
                "value": "threat_detection_policy"
              },
              {
                "type": "index",
                "value": {
                  "value": 0,
                  "type": "number"
                }
              },
              {
                "type": "get_attr",
                "value": "storage_account_access_key"
              }
            ]
          ],
          "identity_schema_version": 0,
          "private": "eyJlMmJmYjczMC1lY2FhLTExZTYtOGY4OC0zNDM2M2JjN2M0YzAiOnsiY3JlYXRlIjozNjAwMDAwMDAwMDAwLCJkZWxldGUiOjM2MDAwMDAwMDAwMDAsInJlYWQiOjMwMDAwMDAwMDAwMCwidXBkYXRlIjozNjAwMDAwMDAwMDAwfSwic2NoZW1hX3ZlcnNpb24iOiIxIn0=",
          "dependencies": [
            "azurerm_mssql_server.burgerbuilder_sql_server",
            "azurerm_resource_group.main"
          ]
        }
      ]
    },
    {
      "mode": "managed",
      "type": "azurerm_mssql_server",
      "name": "burgerbuilder_sql_server",
      "provider": "provider[\"registry.terraform.io/hashicorp/azurerm\"]",
      "instances": [
        {
          "schema_version": 0,
          "attributes": {
            "administrator_login": "sqladminuser",
            "administrator_login_password": "StrongPassword123!",
            "administrator_login_password_wo": null,
            "administrator_login_password_wo_version": 0,
            "azuread_administrator": [],
            "connection_policy": "Default",
            "express_vulnerability_assessment_enabled": false,
            "fully_qualified_domain_name": "burgerbuilder-sqlserver.database.windows.net",
            "id": "/subscriptions/4421688c-0a8d-4588-8dd0-338c5271d0af/resourceGroups/bb-selwan-rg/providers/Microsoft.Sql/servers/burgerbuilder-sqlserver",
            "identity": [],
            "location": "swedencentral",
            "minimum_tls_version": "1.2",
            "name": "burgerbuilder-sqlserver",
            "outbound_network_restriction_enabled": false,
            "primary_user_assigned_identity_id": "",
            "public_network_access_enabled": false,
            "resource_group_name": "bb-selwan-rg",
            "restorable_dropped_database_ids": [],
            "tags": {
              "environment": "development",
              "project": "BurgerBuilder"
            },
            "timeouts": null,
            "transparent_data_encryption_key_vault_key_id": "",
            "version": "12.0"
          },
          "sensitive_attributes": [
            [
              {
                "type": "get_attr",
                "value": "administrator_login_password"
              }
            ],
            [
              {
                "type": "get_attr",
                "value": "administrator_login_password_wo"
              }
            ]
          ],
          "identity_schema_version": 0,
          "private": "eyJlMmJmYjczMC1lY2FhLTExZTYtOGY4OC0zNDM2M2JjN2M0YzAiOnsiY3JlYXRlIjozNjAwMDAwMDAwMDAwLCJkZWxldGUiOjM2MDAwMDAwMDAwMDAsInJlYWQiOjMwMDAwMDAwMDAwMCwidXBkYXRlIjozNjAwMDAwMDAwMDAwfX0=",
          "dependencies": [
            "azurerm_resource_group.main"
          ]
        }
      ]
    },
    {
      "mode": "managed",
      "type": "azurerm_network_security_group",
      "name": "appgw_nsg",
      "provider": "provider[\"registry.terraform.io/hashicorp/azurerm\"]",
      "instances": [
        {
          "schema_version": 0,
          "attributes": {
            "id": "/subscriptions/4421688c-0a8d-4588-8dd0-338c5271d0af/resourceGroups/bb-selwan-rg/providers/Microsoft.Network/networkSecurityGroups/appgw-nsg",
            "location": "swedencentral",
            "name": "appgw-nsg",
            "resource_group_name": "bb-selwan-rg",
            "security_rule": [
              {
                "access": "Allow",
                "description": "",
                "destination_address_prefix": "*",
                "destination_address_prefixes": [],
                "destination_application_security_group_ids": [],
                "destination_port_range": "443",
                "destination_port_ranges": [],
                "direction": "Inbound",
                "name": "Allow-HTTPS",
                "priority": 110,
                "protocol": "Tcp",
                "source_address_prefix": "*",
                "source_address_prefixes": [],
                "source_application_security_group_ids": [],
                "source_port_range": "*",
                "source_port_ranges": []
              },
              {
                "access": "Allow",
                "description": "",
                "destination_address_prefix": "*",
                "destination_address_prefixes": [],
                "destination_application_security_group_ids": [],
                "destination_port_range": "80",
                "destination_port_ranges": [],
                "direction": "Inbound",
                "name": "Allow-HTTP",
                "priority": 100,
                "protocol": "Tcp",
                "source_address_prefix": "*",
                "source_address_prefixes": [],
                "source_application_security_group_ids": [],
                "source_port_range": "*",
                "source_port_ranges": []
              },
              {
                "access": "Allow",
                "description": "Allow internal Azure communication for App Gateway v2",
                "destination_address_prefix": "*",
                "destination_address_prefixes": [],
                "destination_application_security_group_ids": [],
                "destination_port_range": "",
                "destination_port_ranges": [
                  "65200-65535"
                ],
                "direction": "Inbound",
                "name": "Allow-AppGateway-Internal",
                "priority": 120,
                "protocol": "Tcp",
                "source_address_prefix": "*",
                "source_address_prefixes": [],
                "source_application_security_group_ids": [],
                "source_port_range": "*",
                "source_port_ranges": []
              }
            ],
            "tags": {},
            "timeouts": null
          },
          "sensitive_attributes": [],
          "identity_schema_version": 0,
          "identity": {
            "name": "appgw-nsg",
            "resource_group_name": "bb-selwan-rg",
            "subscription_id": "4421688c-0a8d-4588-8dd0-338c5271d0af"
          },
          "private": "eyJlMmJmYjczMC1lY2FhLTExZTYtOGY4OC0zNDM2M2JjN2M0YzAiOnsiY3JlYXRlIjoxODAwMDAwMDAwMDAwLCJkZWxldGUiOjE4MDAwMDAwMDAwMDAsInJlYWQiOjMwMDAwMDAwMDAwMCwidXBkYXRlIjoxODAwMDAwMDAwMDAwfX0=",
          "dependencies": [
            "azurerm_resource_group.main"
          ]
        }
      ]
    },
    {
      "mode": "managed",
      "type": "azurerm_private_dns_zone",
      "name": "aca_internal",
      "provider": "provider[\"registry.terraform.io/hashicorp/azurerm\"]",
      "instances": [
        {
          "schema_version": 0,
          "attributes": {
            "id": "/subscriptions/4421688c-0a8d-4588-8dd0-338c5271d0af/resourceGroups/bb-selwan-rg/providers/Microsoft.Network/privateDnsZones/internal.azurecontainerapps.io",
            "max_number_of_record_sets": 25000,
            "max_number_of_virtual_network_links": 1000,
            "max_number_of_virtual_network_links_with_registration": 100,
            "name": "internal.azurecontainerapps.io",
            "number_of_record_sets": 1,
            "resource_group_name": "bb-selwan-rg",
            "soa_record": [
              {
                "email": "azureprivatedns-host.microsoft.com",
                "expire_time": 2419200,
                "fqdn": "internal.azurecontainerapps.io.",
                "host_name": "azureprivatedns.net",
                "minimum_ttl": 10,
                "refresh_time": 3600,
                "retry_time": 300,
                "serial_number": 1,
                "tags": {},
                "ttl": 3600
              }
            ],
            "tags": {},
            "timeouts": null
          },
          "sensitive_attributes": [],
          "identity_schema_version": 0,
          "identity": {
            "name": "internal.azurecontainerapps.io",
            "resource_group_name": "bb-selwan-rg",
            "subscription_id": "4421688c-0a8d-4588-8dd0-338c5271d0af"
          },
          "private": "eyJlMmJmYjczMC1lY2FhLTExZTYtOGY4OC0zNDM2M2JjN2M0YzAiOnsiY3JlYXRlIjoxODAwMDAwMDAwMDAwLCJkZWxldGUiOjE4MDAwMDAwMDAwMDAsInJlYWQiOjMwMDAwMDAwMDAwMCwidXBkYXRlIjoxODAwMDAwMDAwMDAwfX0=",
          "dependencies": [
            "azurerm_resource_group.main"
          ]
        }
      ]
    },
    {
      "mode": "managed",
      "type": "azurerm_private_dns_zone",
      "name": "burgerbuilder_sql_dns",
      "provider": "provider[\"registry.terraform.io/hashicorp/azurerm\"]",
      "instances": [
        {
          "schema_version": 0,
          "attributes": {
            "id": "/subscriptions/4421688c-0a8d-4588-8dd0-338c5271d0af/resourceGroups/bb-selwan-rg/providers/Microsoft.Network/privateDnsZones/privatelink.database.windows.net",
            "max_number_of_record_sets": 25000,
            "max_number_of_virtual_network_links": 1000,
            "max_number_of_virtual_network_links_with_registration": 100,
            "name": "privatelink.database.windows.net",
            "number_of_record_sets": 2,
            "resource_group_name": "bb-selwan-rg",
            "soa_record": [
              {
                "email": "azureprivatedns-host.microsoft.com",
                "expire_time": 2419200,
                "fqdn": "privatelink.database.windows.net.",
                "host_name": "azureprivatedns.net",
                "minimum_ttl": 10,
                "refresh_time": 3600,
                "retry_time": 300,
                "serial_number": 1,
                "tags": {},
                "ttl": 3600
              }
            ],
            "tags": {},
            "timeouts": null
          },
          "sensitive_attributes": [],
          "identity_schema_version": 0,
          "identity": {
            "name": "privatelink.database.windows.net",
            "resource_group_name": "bb-selwan-rg",
            "subscription_id": "4421688c-0a8d-4588-8dd0-338c5271d0af"
          },
          "private": "eyJlMmJmYjczMC1lY2FhLTExZTYtOGY4OC0zNDM2M2JjN2M0YzAiOnsiY3JlYXRlIjoxODAwMDAwMDAwMDAwLCJkZWxldGUiOjE4MDAwMDAwMDAwMDAsInJlYWQiOjMwMDAwMDAwMDAwMCwidXBkYXRlIjoxODAwMDAwMDAwMDAwfX0=",
          "dependencies": [
            "azurerm_resource_group.main"
          ]
        }
      ]
    },
    {
      "mode": "managed",
      "type": "azurerm_private_dns_zone_virtual_network_link",
      "name": "aca_dns_link",
      "provider": "provider[\"registry.terraform.io/hashicorp/azurerm\"]",
      "instances": [
        {
          "schema_version": 0,
          "attributes": {
            "id": "/subscriptions/4421688c-0a8d-4588-8dd0-338c5271d0af/resourceGroups/bb-selwan-rg/providers/Microsoft.Network/privateDnsZones/internal.azurecontainerapps.io/virtualNetworkLinks/burgerbuilder-dns-link",
            "name": "burgerbuilder-dns-link",
            "private_dns_zone_name": "internal.azurecontainerapps.io",
            "registration_enabled": false,
            "resolution_policy": "",
            "resource_group_name": "bb-selwan-rg",
            "tags": {},
            "timeouts": null,
            "virtual_network_id": "/subscriptions/4421688c-0a8d-4588-8dd0-338c5271d0af/resourceGroups/bb-selwan-rg/providers/Microsoft.Network/virtualNetworks/burgerbuilder-vnet"
          },
          "sensitive_attributes": [],
          "identity_schema_version": 0,
          "identity": {
            "name": "burgerbuilder-dns-link",
            "private_dns_zone_name": "internal.azurecontainerapps.io",
            "resource_group_name": "bb-selwan-rg",
            "subscription_id": "4421688c-0a8d-4588-8dd0-338c5271d0af"
          },
          "private": "eyJlMmJmYjczMC1lY2FhLTExZTYtOGY4OC0zNDM2M2JjN2M0YzAiOnsiY3JlYXRlIjoxODAwMDAwMDAwMDAwLCJkZWxldGUiOjE4MDAwMDAwMDAwMDAsInJlYWQiOjMwMDAwMDAwMDAwMCwidXBkYXRlIjoxODAwMDAwMDAwMDAwfX0=",
          "dependencies": [
            "azurerm_private_dns_zone.aca_internal",
            "azurerm_resource_group.main",
            "azurerm_virtual_network.main"
          ]
        }
      ]
    },
    {
      "mode": "managed",
      "type": "azurerm_private_dns_zone_virtual_network_link",
      "name": "burgerbuilder_sql_dns_link",
      "provider": "provider[\"registry.terraform.io/hashicorp/azurerm\"]",
      "instances": [
        {
          "schema_version": 0,
          "attributes": {
            "id": "/subscriptions/4421688c-0a8d-4588-8dd0-338c5271d0af/resourceGroups/bb-selwan-rg/providers/Microsoft.Network/privateDnsZones/privatelink.database.windows.net/virtualNetworkLinks/burgerbuilder-sql-dnslink",
            "name": "burgerbuilder-sql-dnslink",
            "private_dns_zone_name": "privatelink.database.windows.net",
            "registration_enabled": false,
            "resolution_policy": "Default",
            "resource_group_name": "bb-selwan-rg",
            "tags": {},
            "timeouts": null,
            "virtual_network_id": "/subscriptions/4421688c-0a8d-4588-8dd0-338c5271d0af/resourceGroups/bb-selwan-rg/providers/Microsoft.Network/virtualNetworks/burgerbuilder-vnet"
          },
          "sensitive_attributes": [],
          "identity_schema_version": 0,
          "identity": {
            "name": "burgerbuilder-sql-dnslink",
            "private_dns_zone_name": "privatelink.database.windows.net",
            "resource_group_name": "bb-selwan-rg",
            "subscription_id": "4421688c-0a8d-4588-8dd0-338c5271d0af"
          },
          "private": "eyJlMmJmYjczMC1lY2FhLTExZTYtOGY4OC0zNDM2M2JjN2M0YzAiOnsiY3JlYXRlIjoxODAwMDAwMDAwMDAwLCJkZWxldGUiOjE4MDAwMDAwMDAwMDAsInJlYWQiOjMwMDAwMDAwMDAwMCwidXBkYXRlIjoxODAwMDAwMDAwMDAwfX0=",
          "dependencies": [
            "azurerm_private_dns_zone.burgerbuilder_sql_dns",
            "azurerm_resource_group.main",
            "azurerm_virtual_network.main"
          ]
        }
      ]
    },
    {
      "mode": "managed",
      "type": "azurerm_private_endpoint",
      "name": "burgerbuilder_sql_pe",
      "provider": "provider[\"registry.terraform.io/hashicorp/azurerm\"]",
      "instances": [
        {
          "schema_version": 0,
          "attributes": {
            "custom_dns_configs": [],
            "custom_network_interface_name": "",
            "id": "/subscriptions/4421688c-0a8d-4588-8dd0-338c5271d0af/resourceGroups/bb-selwan-rg/providers/Microsoft.Network/privateEndpoints/burgerbuilder-sql-pe",
            "ip_configuration": [],
            "location": "swedencentral",
            "name": "burgerbuilder-sql-pe",
            "network_interface": [
              {
                "id": "/subscriptions/4421688c-0a8d-4588-8dd0-338c5271d0af/resourceGroups/bb-selwan-rg/providers/Microsoft.Network/networkInterfaces/burgerbuilder-sql-pe.nic.b2a88af0-765c-4714-ac60-afa28ceb54c8",
                "name": "burgerbuilder-sql-pe.nic.b2a88af0-765c-4714-ac60-afa28ceb54c8"
              }
            ],
            "private_dns_zone_configs": [
              {
                "id": "/subscriptions/4421688c-0a8d-4588-8dd0-338c5271d0af/resourceGroups/bb-selwan-rg/providers/Microsoft.Network/privateEndpoints/burgerbuilder-sql-pe/privateDnsZoneGroups/burgerbuilder-sql-dnszonegroup/privateDnsZoneConfigs/privatelink.database.windows.net",
                "name": "privatelink.database.windows.net",
                "private_dns_zone_id": "/subscriptions/4421688c-0a8d-4588-8dd0-338c5271d0af/resourceGroups/bb-selwan-rg/providers/Microsoft.Network/privateDnsZones/privatelink.database.windows.net",
                "record_sets": [
                  {
                    "fqdn": "burgerbuilder-sqlserver.privatelink.database.windows.net",
                    "ip_addresses": [
                      "10.20.3.4"
                    ],
                    "name": "burgerbuilder-sqlserver",
                    "ttl": 10,
                    "type": "A"
                  }
                ]
              }
            ],
            "private_dns_zone_group": [
              {
                "id": "/subscriptions/4421688c-0a8d-4588-8dd0-338c5271d0af/resourceGroups/bb-selwan-rg/providers/Microsoft.Network/privateEndpoints/burgerbuilder-sql-pe/privateDnsZoneGroups/burgerbuilder-sql-dnszonegroup",
                "name": "burgerbuilder-sql-dnszonegroup",
                "private_dns_zone_ids": [
                  "/subscriptions/4421688c-0a8d-4588-8dd0-338c5271d0af/resourceGroups/bb-selwan-rg/providers/Microsoft.Network/privateDnsZones/privatelink.database.windows.net"
                ]
              }
            ],
            "private_service_connection": [
              {
                "is_manual_connection": false,
                "name": "burgerbuilder-sql-connection",
                "private_connection_resource_alias": "",
                "private_connection_resource_id": "/subscriptions/4421688c-0a8d-4588-8dd0-338c5271d0af/resourceGroups/bb-selwan-rg/providers/Microsoft.Sql/servers/burgerbuilder-sqlserver",
                "private_ip_address": "10.20.3.4",
                "request_message": "",
                "subresource_names": [
                  "sqlServer"
                ]
              }
            ],
            "resource_group_name": "bb-selwan-rg",
            "subnet_id": "/subscriptions/4421688c-0a8d-4588-8dd0-338c5271d0af/resourceGroups/bb-selwan-rg/providers/Microsoft.Network/virtualNetworks/burgerbuilder-vnet/subnets/db-snet",
            "tags": {
              "environment": "development",
              "project": "BurgerBuilder"
            },
            "timeouts": null
          },
          "sensitive_attributes": [],
          "identity_schema_version": 0,
          "identity": {
            "name": "burgerbuilder-sql-pe",
            "resource_group_name": "bb-selwan-rg",
            "subscription_id": "4421688c-0a8d-4588-8dd0-338c5271d0af"
          },
          "private": "eyJlMmJmYjczMC1lY2FhLTExZTYtOGY4OC0zNDM2M2JjN2M0YzAiOnsiY3JlYXRlIjozNjAwMDAwMDAwMDAwLCJkZWxldGUiOjM2MDAwMDAwMDAwMDAsInJlYWQiOjMwMDAwMDAwMDAwMCwidXBkYXRlIjozNjAwMDAwMDAwMDAwfX0=",
          "dependencies": [
            "azurerm_mssql_server.burgerbuilder_sql_server",
            "azurerm_private_dns_zone.burgerbuilder_sql_dns",
            "azurerm_resource_group.main",
            "azurerm_subnet.database",
            "azurerm_virtual_network.main"
          ]
        }
      ]
    },
    {
      "mode": "managed",
      "type": "azurerm_public_ip",
      "name": "burgerbuilder_appgw_pip",
      "provider": "provider[\"registry.terraform.io/hashicorp/azurerm\"]",
      "instances": [
        {
          "schema_version": 0,
          "attributes": {
            "allocation_method": "Static",
            "ddos_protection_mode": "VirtualNetworkInherited",
            "ddos_protection_plan_id": null,
            "domain_name_label": null,
            "domain_name_label_scope": null,
            "edge_zone": "",
            "fqdn": null,
            "id": "/subscriptions/4421688c-0a8d-4588-8dd0-338c5271d0af/resourceGroups/bb-selwan-rg/providers/Microsoft.Network/publicIPAddresses/burgerbuilder-appgw-pip",
            "idle_timeout_in_minutes": 4,
            "ip_address": "135.225.92.111",
            "ip_tags": {},
            "ip_version": "IPv4",
            "location": "swedencentral",
            "name": "burgerbuilder-appgw-pip",
            "public_ip_prefix_id": null,
            "resource_group_name": "bb-selwan-rg",
            "reverse_fqdn": null,
            "sku": "Standard",
            "sku_tier": "Regional",
            "tags": {
              "Environment": "Production",
              "Owner": "Selwan",
              "Project": "BurgerBuilder"
            },
            "timeouts": null,
            "zones": []
          },
          "sensitive_attributes": [],
          "identity_schema_version": 0,
          "private": "eyJlMmJmYjczMC1lY2FhLTExZTYtOGY4OC0zNDM2M2JjN2M0YzAiOnsiY3JlYXRlIjoxODAwMDAwMDAwMDAwLCJkZWxldGUiOjE4MDAwMDAwMDAwMDAsInJlYWQiOjMwMDAwMDAwMDAwMCwidXBkYXRlIjoxODAwMDAwMDAwMDAwfX0=",
          "dependencies": [
            "azurerm_resource_group.main"
          ]
        }
      ]
    },
    {
      "mode": "managed",
      "type": "azurerm_resource_group",
      "name": "main",
      "provider": "provider[\"registry.terraform.io/hashicorp/azurerm\"]",
      "instances": [
        {
          "schema_version": 0,
          "attributes": {
            "id": "/subscriptions/4421688c-0a8d-4588-8dd0-338c5271d0af/resourceGroups/bb-selwan-rg",
            "location": "swedencentral",
            "managed_by": "",
            "name": "bb-selwan-rg",
            "tags": {},
            "timeouts": null
          },
          "sensitive_attributes": [],
          "identity_schema_version": 0,
          "private": "eyJlMmJmYjczMC1lY2FhLTExZTYtOGY4OC0zNDM2M2JjN2M0YzAiOnsiY3JlYXRlIjo1NDAwMDAwMDAwMDAwLCJkZWxldGUiOjU0MDAwMDAwMDAwMDAsInJlYWQiOjMwMDAwMDAwMDAwMCwidXBkYXRlIjo1NDAwMDAwMDAwMDAwfX0="
        }
      ]
    },
    {
      "mode": "managed",
      "type": "azurerm_subnet",
      "name": "aca",
      "provider": "provider[\"registry.terraform.io/hashicorp/azurerm\"]",
      "instances": [
        {
          "schema_version": 0,
          "attributes": {
            "address_prefixes": [
              "10.20.1.0/24"
            ],
            "default_outbound_access_enabled": true,
            "delegation": [
              {
                "name": "aca_delegation",
                "service_delegation": [
                  {
                    "actions": [
                      "Microsoft.Network/virtualNetworks/subnets/join/action"
                    ],
                    "name": "Microsoft.App/environments"
                  }
                ]
              }
            ],
            "id": "/subscriptions/4421688c-0a8d-4588-8dd0-338c5271d0af/resourceGroups/bb-selwan-rg/providers/Microsoft.Network/virtualNetworks/burgerbuilder-vnet/subnets/aca-infra-snet",
            "ip_address_pool": [],
            "name": "aca-infra-snet",
            "private_endpoint_network_policies": "Disabled",
            "private_link_service_network_policies_enabled": true,
            "resource_group_name": "bb-selwan-rg",
            "service_endpoint_policy_ids": [],
            "service_endpoints": [],
            "sharing_scope": "",
            "timeouts": null,
            "virtual_network_name": "burgerbuilder-vnet"
          },
          "sensitive_attributes": [],
          "identity_schema_version": 0,
          "identity": {
            "name": "aca-infra-snet",
            "resource_group_name": "bb-selwan-rg",
            "subscription_id": "4421688c-0a8d-4588-8dd0-338c5271d0af",
            "virtual_network_name": "burgerbuilder-vnet"
          },
          "private": "eyJlMmJmYjczMC1lY2FhLTExZTYtOGY4OC0zNDM2M2JjN2M0YzAiOnsiY3JlYXRlIjoxODAwMDAwMDAwMDAwLCJkZWxldGUiOjE4MDAwMDAwMDAwMDAsInJlYWQiOjMwMDAwMDAwMDAwMCwidXBkYXRlIjoxODAwMDAwMDAwMDAwfX0=",
          "dependencies": [
            "azurerm_resource_group.main",
            "azurerm_virtual_network.main"
          ]
        }
      ]
    },
    {
      "mode": "managed",
      "type": "azurerm_subnet",
      "name": "appgw",
      "provider": "provider[\"registry.terraform.io/hashicorp/azurerm\"]",
      "instances": [
        {
          "schema_version": 0,
          "attributes": {
            "address_prefixes": [
              "10.20.0.0/24"
            ],
            "default_outbound_access_enabled": true,
            "delegation": [],
            "id": "/subscriptions/4421688c-0a8d-4588-8dd0-338c5271d0af/resourceGroups/bb-selwan-rg/providers/Microsoft.Network/virtualNetworks/burgerbuilder-vnet/subnets/appgw-snet",
            "ip_address_pool": [],
            "name": "appgw-snet",
            "private_endpoint_network_policies": "Disabled",
            "private_link_service_network_policies_enabled": true,
            "resource_group_name": "bb-selwan-rg",
            "service_endpoint_policy_ids": [],
            "service_endpoints": [],
            "sharing_scope": "",
            "timeouts": null,
            "virtual_network_name": "burgerbuilder-vnet"
          },
          "sensitive_attributes": [],
          "identity_schema_version": 0,
          "identity": {
            "name": "appgw-snet",
            "resource_group_name": "bb-selwan-rg",
            "subscription_id": "4421688c-0a8d-4588-8dd0-338c5271d0af",
            "virtual_network_name": "burgerbuilder-vnet"
          },
          "private": "eyJlMmJmYjczMC1lY2FhLTExZTYtOGY4OC0zNDM2M2JjN2M0YzAiOnsiY3JlYXRlIjoxODAwMDAwMDAwMDAwLCJkZWxldGUiOjE4MDAwMDAwMDAwMDAsInJlYWQiOjMwMDAwMDAwMDAwMCwidXBkYXRlIjoxODAwMDAwMDAwMDAwfX0=",
          "dependencies": [
            "azurerm_resource_group.main",
            "azurerm_virtual_network.main"
          ]
        }
      ]
    },
    {
      "mode": "managed",
      "type": "azurerm_subnet",
      "name": "database",
      "provider": "provider[\"registry.terraform.io/hashicorp/azurerm\"]",
      "instances": [
        {
          "schema_version": 0,
          "attributes": {
            "address_prefixes": [
              "10.20.3.0/24"
            ],
            "default_outbound_access_enabled": true,
            "delegation": [],
            "id": "/subscriptions/4421688c-0a8d-4588-8dd0-338c5271d0af/resourceGroups/bb-selwan-rg/providers/Microsoft.Network/virtualNetworks/burgerbuilder-vnet/subnets/db-snet",
            "ip_address_pool": [],
            "name": "db-snet",
            "private_endpoint_network_policies": "Disabled",
            "private_link_service_network_policies_enabled": true,
            "resource_group_name": "bb-selwan-rg",
            "service_endpoint_policy_ids": [],
            "service_endpoints": [],
            "sharing_scope": "",
            "timeouts": null,
            "virtual_network_name": "burgerbuilder-vnet"
          },
          "sensitive_attributes": [],
          "identity_schema_version": 0,
          "identity": {
            "name": "db-snet",
            "resource_group_name": "bb-selwan-rg",
            "subscription_id": "4421688c-0a8d-4588-8dd0-338c5271d0af",
            "virtual_network_name": "burgerbuilder-vnet"
          },
          "private": "eyJlMmJmYjczMC1lY2FhLTExZTYtOGY4OC0zNDM2M2JjN2M0YzAiOnsiY3JlYXRlIjoxODAwMDAwMDAwMDAwLCJkZWxldGUiOjE4MDAwMDAwMDAwMDAsInJlYWQiOjMwMDAwMDAwMDAwMCwidXBkYXRlIjoxODAwMDAwMDAwMDAwfX0=",
          "dependencies": [
            "azurerm_resource_group.main",
            "azurerm_virtual_network.main"
          ]
        }
      ]
    },
    {
      "mode": "managed",
      "type": "azurerm_subnet_network_security_group_association",
      "name": "appgw_assoc",
      "provider": "provider[\"registry.terraform.io/hashicorp/azurerm\"]",
      "instances": [
        {
          "schema_version": 0,
          "attributes": {
            "id": "/subscriptions/4421688c-0a8d-4588-8dd0-338c5271d0af/resourceGroups/bb-selwan-rg/providers/Microsoft.Network/virtualNetworks/burgerbuilder-vnet/subnets/appgw-snet",
            "network_security_group_id": "/subscriptions/4421688c-0a8d-4588-8dd0-338c5271d0af/resourceGroups/bb-selwan-rg/providers/Microsoft.Network/networkSecurityGroups/appgw-nsg",
            "subnet_id": "/subscriptions/4421688c-0a8d-4588-8dd0-338c5271d0af/resourceGroups/bb-selwan-rg/providers/Microsoft.Network/virtualNetworks/burgerbuilder-vnet/subnets/appgw-snet",
            "timeouts": null
          },
          "sensitive_attributes": [],
          "identity_schema_version": 0,
          "private": "eyJlMmJmYjczMC1lY2FhLTExZTYtOGY4OC0zNDM2M2JjN2M0YzAiOnsiY3JlYXRlIjoxODAwMDAwMDAwMDAwLCJkZWxldGUiOjE4MDAwMDAwMDAwMDAsInJlYWQiOjMwMDAwMDAwMDAwMH19",
          "dependencies": [
            "azurerm_network_security_group.appgw_nsg",
            "azurerm_resource_group.main",
            "azurerm_subnet.appgw",
            "azurerm_virtual_network.main"
          ]
        }
      ]
    },
    {
      "mode": "managed",
      "type": "azurerm_user_assigned_identity",
      "name": "aca_identity",
      "provider": "provider[\"registry.terraform.io/hashicorp/azurerm\"]",
      "instances": [
        {
          "schema_version": 1,
          "attributes": {
            "client_id": "211a621a-dd0a-4da8-bf0f-0e0eda744a9a",
            "id": "/subscriptions/4421688c-0a8d-4588-8dd0-338c5271d0af/resourceGroups/bb-selwan-rg/providers/Microsoft.ManagedIdentity/userAssignedIdentities/burgerbuilder-aca-identity",
            "location": "swedencentral",
            "name": "burgerbuilder-aca-identity",
            "principal_id": "b86b99bc-af6f-4917-ade9-90726fdea458",
            "resource_group_name": "bb-selwan-rg",
            "tags": {},
            "tenant_id": "84f58ce9-43c8-4932-b908-591a8a3007d3",
            "timeouts": null
          },
          "sensitive_attributes": [],
          "identity_schema_version": 0,
          "private": "eyJlMmJmYjczMC1lY2FhLTExZTYtOGY4OC0zNDM2M2JjN2M0YzAiOnsiY3JlYXRlIjoxODAwMDAwMDAwMDAwLCJkZWxldGUiOjE4MDAwMDAwMDAwMDAsInJlYWQiOjMwMDAwMDAwMDAwMCwidXBkYXRlIjoxODAwMDAwMDAwMDAwfSwic2NoZW1hX3ZlcnNpb24iOiIxIn0=",
          "dependencies": [
            "azurerm_resource_group.main"
          ]
        }
      ]
    },
    {
      "mode": "managed",
      "type": "azurerm_virtual_network",
      "name": "main",
      "provider": "provider[\"registry.terraform.io/hashicorp/azurerm\"]",
      "instances": [
        {
          "schema_version": 0,
          "attributes": {
            "address_space": [
              "10.20.0.0/16"
            ],
            "bgp_community": "",
            "ddos_protection_plan": [],
            "dns_servers": [],
            "edge_zone": "",
            "encryption": [],
            "flow_timeout_in_minutes": 0,
            "guid": "898777bf-50ad-4695-8da7-63b45836d387",
            "id": "/subscriptions/4421688c-0a8d-4588-8dd0-338c5271d0af/resourceGroups/bb-selwan-rg/providers/Microsoft.Network/virtualNetworks/burgerbuilder-vnet",
            "ip_address_pool": [],
            "location": "swedencentral",
            "name": "burgerbuilder-vnet",
            "private_endpoint_vnet_policies": "Disabled",
            "resource_group_name": "bb-selwan-rg",
            "subnet": [
              {
                "address_prefixes": [
                  "10.20.0.0/24"
                ],
                "default_outbound_access_enabled": true,
                "delegation": [],
                "id": "/subscriptions/4421688c-0a8d-4588-8dd0-338c5271d0af/resourceGroups/bb-selwan-rg/providers/Microsoft.Network/virtualNetworks/burgerbuilder-vnet/subnets/appgw-snet",
                "name": "appgw-snet",
                "private_endpoint_network_policies": "Disabled",
                "private_link_service_network_policies_enabled": true,
                "route_table_id": "",
                "security_group": "/subscriptions/4421688c-0a8d-4588-8dd0-338c5271d0af/resourceGroups/bb-selwan-rg/providers/Microsoft.Network/networkSecurityGroups/appgw-nsg",
                "service_endpoint_policy_ids": [],
                "service_endpoints": []
              },
              {
                "address_prefixes": [
                  "10.20.1.0/24"
                ],
                "default_outbound_access_enabled": true,
                "delegation": [
                  {
                    "name": "aca_delegation",
                    "service_delegation": [
                      {
                        "actions": [
                          "Microsoft.Network/virtualNetworks/subnets/join/action"
                        ],
                        "name": "Microsoft.App/environments"
                      }
                    ]
                  }
                ],
                "id": "/subscriptions/4421688c-0a8d-4588-8dd0-338c5271d0af/resourceGroups/bb-selwan-rg/providers/Microsoft.Network/virtualNetworks/burgerbuilder-vnet/subnets/aca-infra-snet",
                "name": "aca-infra-snet",
                "private_endpoint_network_policies": "Disabled",
                "private_link_service_network_policies_enabled": true,
                "route_table_id": "",
                "security_group": "",
                "service_endpoint_policy_ids": [],
                "service_endpoints": []
              },
              {
                "address_prefixes": [
                  "10.20.3.0/24"
                ],
                "default_outbound_access_enabled": true,
                "delegation": [],
                "id": "/subscriptions/4421688c-0a8d-4588-8dd0-338c5271d0af/resourceGroups/bb-selwan-rg/providers/Microsoft.Network/virtualNetworks/burgerbuilder-vnet/subnets/db-snet",
                "name": "db-snet",
                "private_endpoint_network_policies": "Disabled",
                "private_link_service_network_policies_enabled": true,
                "route_table_id": "",
                "security_group": "",
                "service_endpoint_policy_ids": [],
                "service_endpoints": []
              }
            ],
            "tags": {},
            "timeouts": null
          },
          "sensitive_attributes": [],
          "identity_schema_version": 0,
          "identity": {
            "name": "burgerbuilder-vnet",
            "resource_group_name": "bb-selwan-rg",
            "subscription_id": "4421688c-0a8d-4588-8dd0-338c5271d0af"
          },
          "private": "eyJlMmJmYjczMC1lY2FhLTExZTYtOGY4OC0zNDM2M2JjN2M0YzAiOnsiY3JlYXRlIjoxODAwMDAwMDAwMDAwLCJkZWxldGUiOjE4MDAwMDAwMDAwMDAsInJlYWQiOjMwMDAwMDAwMDAwMCwidXBkYXRlIjoxODAwMDAwMDAwMDAwfX0=",
          "dependencies": [
            "azurerm_resource_group.main"
          ]
        }
      ]
    },
    {
      "mode": "managed",
      "type": "azurerm_web_application_firewall_policy",
      "name": "burgerbuilder_waf_policy",
      "provider": "provider[\"registry.terraform.io/hashicorp/azurerm\"]",
      "instances": [
        {
          "schema_version": 1,
          "attributes": {
            "custom_rules": [
              {
                "action": "Allow",
                "enabled": true,
                "group_rate_limit_by": "",
                "match_conditions": [
                  {
                    "match_values": [
                      "/actuator/health"
                    ],
                    "match_variables": [
                      {
                        "selector": "",
                        "variable_name": "RequestUri"
                      }
                    ],
                    "negation_condition": false,
                    "operator": "Contains",
                    "transforms": []
                  }
                ],
                "name": "AllowHealthProbe",
                "priority": 1,
                "rate_limit_duration": "",
                "rate_limit_threshold": 0,
                "rule_type": "MatchRule"
              }
            ],
            "http_listener_ids": [],
            "id": "/subscriptions/4421688c-0a8d-4588-8dd0-338c5271d0af/resourceGroups/bb-selwan-rg/providers/Microsoft.Network/applicationGatewayWebApplicationFirewallPolicies/burgerbuilder-waf-policy",
            "location": "swedencentral",
            "managed_rules": [
              {
                "exclusion": [],
                "managed_rule_set": [
                  {
                    "rule_group_override": [],
                    "type": "OWASP",
                    "version": "3.2"
                  }
                ]
              }
            ],
            "name": "burgerbuilder-waf-policy",
            "path_based_rule_ids": [],
            "policy_settings": [
              {
                "enabled": true,
                "file_upload_enforcement": false,
                "file_upload_limit_in_mb": 100,
                "js_challenge_cookie_expiration_in_minutes": 30,
                "log_scrubbing": [],
                "max_request_body_size_in_kb": 128,
                "mode": "Prevention",
                "request_body_check": true,
                "request_body_enforcement": true,
                "request_body_inspect_limit_in_kb": 128
              }
            ],
            "resource_group_name": "bb-selwan-rg",
            "tags": {
              "Environment": "Production",
              "Owner": "Selwan",
              "Project": "BurgerBuilder"
            },
            "timeouts": null
          },
          "sensitive_attributes": [],
          "identity_schema_version": 0,
          "private": "eyJlMmJmYjczMC1lY2FhLTExZTYtOGY4OC0zNDM2M2JjN2M0YzAiOnsiY3JlYXRlIjoxODAwMDAwMDAwMDAwLCJkZWxldGUiOjE4MDAwMDAwMDAwMDAsInJlYWQiOjMwMDAwMDAwMDAwMCwidXBkYXRlIjoxODAwMDAwMDAwMDAwfSwic2NoZW1hX3ZlcnNpb24iOiIxIn0=",
          "dependencies": [
            "azurerm_resource_group.main"
          ]
        }
      ]
    }
  ],
  "check_results": null
}
